PODS:
  - AdvertiseAdmob (0.1.8):
    - AdvertiseAdmob/Core (= 0.1.8)
  - AdvertiseAdmob/AdapterAppLovin (0.1.8):
    - AdvertiseAdmob/Core
    - GoogleMobileAdsMediationAppLovin
  - AdvertiseAdmob/AdapterChartBoost (0.1.8):
    - AdvertiseAdmob/Core
    - ChartboostSDK (~> 6.4.4)
  - AdvertiseAdmob/AdapterInmobi (0.1.8):
    - AdvertiseAdmob/Core
    - InMobiSDK (~> 5.3.1)
  - AdvertiseAdmob/AdapterUnityAds (0.1.8):
    - AdvertiseAdmob/Core
    - UnityAds (~> 1.5.6)
  - AdvertiseAdmob/Core (0.1.8):
    - GamePluginBase
    - Google-Mobile-Ads-SDK
  - AFNetworking (3.1.0):
    - AFNetworking/NSURLSession (= 3.1.0)
    - AFNetworking/Reachability (= 3.1.0)
    - AFNetworking/Security (= 3.1.0)
    - AFNetworking/Serialization (= 3.1.0)
    - AFNetworking/UIKit (= 3.1.0)
  - AFNetworking/NSURLSession (3.1.0):
    - AFNetworking/Reachability
    - AFNetworking/Security
    - AFNetworking/Serialization
  - AFNetworking/Reachability (3.1.0)
  - AFNetworking/Security (3.1.0)
  - AFNetworking/Serialization (3.1.0)
  - AFNetworking/UIKit (3.1.0):
    - AFNetworking/NSURLSession
  - ALAssetsLibrary-CustomPhotoAlbum (1.3.1)
  - AppLovinSDK (4.6.0)
  - BlocksKit (2.2.5):
    - BlocksKit/All (= 2.2.5)
  - BlocksKit/All (2.2.5):
    - BlocksKit/Core
    - BlocksKit/DynamicDelegate
    - BlocksKit/MessageUI
    - BlocksKit/UIKit
  - BlocksKit/Core (2.2.5)
  - BlocksKit/DynamicDelegate (2.2.5)
  - BlocksKit/MessageUI (2.2.5):
    - BlocksKit/Core
    - BlocksKit/DynamicDelegate
  - BlocksKit/UIKit (2.2.5):
    - BlocksKit/Core
    - BlocksKit/DynamicDelegate
  - ChartboostSDK (6.4.7)
  - FCUUID (1.3.1):
    - UICKeyChainStore (~> 2.1.0)
  - GamePluginBase (0.2.9):
    - AFNetworking (~> 3.1.0)
    - ALAssetsLibrary-CustomPhotoAlbum (~> 1.3.0)
    - BlocksKit (~> 2.2.5)
    - FCUUID
    - JailbrokenDetector (~> 0.1.0)
    - MBProgressHUD (~> 0.9.1)
    - NSLogger (~> 1.5.1)
    - Reachability (~> 3.2)
    - UICKeyChainStore
  - Google-Mobile-Ads-SDK (7.27.0)
  - GoogleMobileAdsMediationAppLovin (4.6.0.0):
    - AppLovinSDK (= 4.6.0)
    - Google-Mobile-Ads-SDK (>= 7.14.0)
  - InMobiSDK (5.3.1)
  - JailbrokenDetector (0.1.0)
  - MBProgressHUD (0.9.2)
  - NSLogger (1.5.1):
    - NSLogger/Standard (= 1.5.1)
  - NSLogger/Standard (1.5.1)
  - Reachability (3.2)
  - UICKeyChainStore (2.1.1)
  - UnityAds (1.5.6)

DEPENDENCIES:
  - AdvertiseAdmob (from `../`)
  - AdvertiseAdmob/AdapterAppLovin (from `../`)
  - AdvertiseAdmob/AdapterChartBoost (from `../`)
  - AdvertiseAdmob/AdapterInmobi (from `../`)
  - AdvertiseAdmob/AdapterUnityAds (from `../`)

EXTERNAL SOURCES:
  AdvertiseAdmob:
    :path: "../"

SPEC CHECKSUMS:
  AdvertiseAdmob: a15849a641533d2c171d79ec4ede9d09257a3beb
  AFNetworking: 5e0e199f73d8626b11e79750991f5d173d1f8b67
  ALAssetsLibrary-CustomPhotoAlbum: 299ea3f58e988b453b19c595859354e562814c93
  AppLovinSDK: 57d7109236e02c25828f791cb412eaab64082084
  BlocksKit: 7f422b971407001178d181a43b99014ea2591fe6
  ChartboostSDK: aeff0e21746d8b659c6407b1eda1fe67cdd59cf0
  FCUUID: bb054fc90cd7cd99320f9f6ff8e130fe607fba05
  GamePluginBase: fd3b476158551c4895c2827f45100eb13c324293
  Google-Mobile-Ads-SDK: 83f7f890e638ce8f1debd440ea363338c9f6be3b
  GoogleMobileAdsMediationAppLovin: e5c0d031bd93134f5f9358f0d0399c8cfec4a13a
  InMobiSDK: a07c4dbcd4859f0f68b072112ca9757f367d7e72
  JailbrokenDetector: 876cc32cf9ab41e249d44a5f2916a689137a4e33
  MBProgressHUD: 1569cf7ace17a8bac47aabfbb8580a49690386d1
  NSLogger: 5ed223a2436df96244e033be750656dacdeec034
  Reachability: 33e18b67625424e47b6cde6d202dce689ad7af96
  UICKeyChainStore: 239558492fa260531a0774cfc611ea83a6eaff3a
  UnityAds: 717325c6fe6133fe83f7fd0f2993481df559637e

PODFILE CHECKSUM: 57ff572a7228dcb98cd4a72e8abb59127b9febcd

COCOAPODS: 1.2.1
